
Microsoft Visual Studio Solution File, Format Version 12.00
# Visual Studio 15
VisualStudioVersion = 15.0.28010.2036
MinimumVisualStudioVersion = 10.0.40219.1
Project("{FAE04EC0-301F-11D3-BF4B-00C04F79EFBC}") = "FizzBuzzTree", "FizzBuzzTree\FizzBuzzTree.csproj", "{0EA94D01-3C52-4952-9A67-99C1FA5564CD}"
EndProject
Global
	GlobalSection(SolutionConfigurationPlatforms) = preSolution
		Debug|Any CPU = Debug|Any CPU
		Release|Any CPU = Release|Any CPU
	EndGlobalSection
	GlobalSection(ProjectConfigurationPlatforms) = postSolution
		{0EA94D01-3C52-4952-9A67-99C1FA5564CD}.Debug|Any CPU.ActiveCfg = Debug|Any CPU
		{0EA94D01-3C52-4952-9A67-99C1FA5564CD}.Debug|Any CPU.Build.0 = Debug|Any CPU
		{0EA94D01-3C52-4952-9A67-99C1FA5564CD}.Release|Any CPU.ActiveCfg = Release|Any CPU
		{0EA94D01-3C52-4952-9A67-99C1FA5564CD}.Release|Any CPU.Build.0 = Release|Any CPU
	EndGlobalSection
	GlobalSection(SolutionProperties) = preSolution
		HideSolutionNode = FALSE
	EndGlobalSection
	GlobalSection(ExtensibilityGlobals) = postSolution
		SolutionGuid = {C4D3E405-51F0-4417-B732-82C7B0AA5939}
	EndGlobalSection
EndGlobal
