
Microsoft Visual Studio Solution File, Format Version 12.00
# Visual Studio 15
VisualStudioVersion = 15.0.28010.2036
MinimumVisualStudioVersion = 10.0.40219.1
Project("{FAE04EC0-301F-11D3-BF4B-00C04F79EFBC}") = "WebAPI", "WebAPI\WebAPI.csproj", "{56F59EDC-71C6-4E3B-9132-77217A62CEA5}"
EndProject
Global
	GlobalSection(SolutionConfigurationPlatforms) = preSolution
		Debug|Any CPU = Debug|Any CPU
		Release|Any CPU = Release|Any CPU
	EndGlobalSection
	GlobalSection(ProjectConfigurationPlatforms) = postSolution
		{56F59EDC-71C6-4E3B-9132-77217A62CEA5}.Debug|Any CPU.ActiveCfg = Debug|Any CPU
		{56F59EDC-71C6-4E3B-9132-77217A62CEA5}.Debug|Any CPU.Build.0 = Debug|Any CPU
		{56F59EDC-71C6-4E3B-9132-77217A62CEA5}.Release|Any CPU.ActiveCfg = Release|Any CPU
		{56F59EDC-71C6-4E3B-9132-77217A62CEA5}.Release|Any CPU.Build.0 = Release|Any CPU
	EndGlobalSection
	GlobalSection(SolutionProperties) = preSolution
		HideSolutionNode = FALSE
	EndGlobalSection
	GlobalSection(ExtensibilityGlobals) = postSolution
		SolutionGuid = {E49E0FA2-6018-49A1-AFA2-A2B43AF3262D}
	EndGlobalSection
EndGlobal
