
Microsoft Visual Studio Solution File, Format Version 12.00
# Visual Studio 15
VisualStudioVersion = 15.0.28010.2036
MinimumVisualStudioVersion = 10.0.40219.1
Project("{9A19103F-16F7-4668-BE54-9A1E7A4F7556}") = "EeneyMeeneyMineyMoe", "EeneyMeeneyMineyMoe\EeneyMeeneyMineyMoe.csproj", "{8590FE96-023A-4904-A51F-92C1EAF5A6AB}"
EndProject
Project("{FAE04EC0-301F-11D3-BF4B-00C04F79EFBC}") = "EeeneyMeeneyMineyMoeTest", "EeeneyMeeneyMineyMoeTest\EeeneyMeeneyMineyMoeTest.csproj", "{69E5C823-2F03-4186-802D-1B084E5A59A7}"
EndProject
Global
	GlobalSection(SolutionConfigurationPlatforms) = preSolution
		Debug|Any CPU = Debug|Any CPU
		Release|Any CPU = Release|Any CPU
	EndGlobalSection
	GlobalSection(ProjectConfigurationPlatforms) = postSolution
		{8590FE96-023A-4904-A51F-92C1EAF5A6AB}.Debug|Any CPU.ActiveCfg = Debug|Any CPU
		{8590FE96-023A-4904-A51F-92C1EAF5A6AB}.Debug|Any CPU.Build.0 = Debug|Any CPU
		{8590FE96-023A-4904-A51F-92C1EAF5A6AB}.Release|Any CPU.ActiveCfg = Release|Any CPU
		{8590FE96-023A-4904-A51F-92C1EAF5A6AB}.Release|Any CPU.Build.0 = Release|Any CPU
		{69E5C823-2F03-4186-802D-1B084E5A59A7}.Debug|Any CPU.ActiveCfg = Debug|Any CPU
		{69E5C823-2F03-4186-802D-1B084E5A59A7}.Debug|Any CPU.Build.0 = Debug|Any CPU
		{69E5C823-2F03-4186-802D-1B084E5A59A7}.Release|Any CPU.ActiveCfg = Release|Any CPU
		{69E5C823-2F03-4186-802D-1B084E5A59A7}.Release|Any CPU.Build.0 = Release|Any CPU
	EndGlobalSection
	GlobalSection(SolutionProperties) = preSolution
		HideSolutionNode = FALSE
	EndGlobalSection
	GlobalSection(ExtensibilityGlobals) = postSolution
		SolutionGuid = {93E1B174-8308-410A-B778-12B0F047BDC6}
	EndGlobalSection
EndGlobal
