
Microsoft Visual Studio Solution File, Format Version 12.00
# Visual Studio 15
VisualStudioVersion = 15.0.28010.2036
MinimumVisualStudioVersion = 10.0.40219.1
Project("{FAE04EC0-301F-11D3-BF4B-00C04F79EFBC}") = "Fibonacci", "Fibonacci\Fibonacci.csproj", "{4DA7F291-51DF-4E94-B2D5-527069EF0177}"
EndProject
Project("{FAE04EC0-301F-11D3-BF4B-00C04F79EFBC}") = "FibonacciTest", "FibonacciTest\FibonacciTest.csproj", "{C0CBD157-D8DF-4BF1-A5D0-B9B5F8E7716B}"
EndProject
Global
	GlobalSection(SolutionConfigurationPlatforms) = preSolution
		Debug|Any CPU = Debug|Any CPU
		Release|Any CPU = Release|Any CPU
	EndGlobalSection
	GlobalSection(ProjectConfigurationPlatforms) = postSolution
		{4DA7F291-51DF-4E94-B2D5-527069EF0177}.Debug|Any CPU.ActiveCfg = Debug|Any CPU
		{4DA7F291-51DF-4E94-B2D5-527069EF0177}.Debug|Any CPU.Build.0 = Debug|Any CPU
		{4DA7F291-51DF-4E94-B2D5-527069EF0177}.Release|Any CPU.ActiveCfg = Release|Any CPU
		{4DA7F291-51DF-4E94-B2D5-527069EF0177}.Release|Any CPU.Build.0 = Release|Any CPU
		{C0CBD157-D8DF-4BF1-A5D0-B9B5F8E7716B}.Debug|Any CPU.ActiveCfg = Debug|Any CPU
		{C0CBD157-D8DF-4BF1-A5D0-B9B5F8E7716B}.Debug|Any CPU.Build.0 = Debug|Any CPU
		{C0CBD157-D8DF-4BF1-A5D0-B9B5F8E7716B}.Release|Any CPU.ActiveCfg = Release|Any CPU
		{C0CBD157-D8DF-4BF1-A5D0-B9B5F8E7716B}.Release|Any CPU.Build.0 = Release|Any CPU
	EndGlobalSection
	GlobalSection(SolutionProperties) = preSolution
		HideSolutionNode = FALSE
	EndGlobalSection
	GlobalSection(ExtensibilityGlobals) = postSolution
		SolutionGuid = {3B2B19D2-A90E-4271-B369-AB54BA654D87}
	EndGlobalSection
EndGlobal
