
Microsoft Visual Studio Solution File, Format Version 12.00
# Visual Studio 15
VisualStudioVersion = 15.0.28010.2036
MinimumVisualStudioVersion = 10.0.40219.1
Project("{FAE04EC0-301F-11D3-BF4B-00C04F79EFBC}") = "ll_kth_from_end", "ll_kth_from_end\ll_kth_from_end.csproj", "{B25F22AC-24D5-4019-B63F-21FC1FCA85EF}"
EndProject
Global
	GlobalSection(SolutionConfigurationPlatforms) = preSolution
		Debug|Any CPU = Debug|Any CPU
		Release|Any CPU = Release|Any CPU
	EndGlobalSection
	GlobalSection(ProjectConfigurationPlatforms) = postSolution
		{B25F22AC-24D5-4019-B63F-21FC1FCA85EF}.Debug|Any CPU.ActiveCfg = Debug|Any CPU
		{B25F22AC-24D5-4019-B63F-21FC1FCA85EF}.Debug|Any CPU.Build.0 = Debug|Any CPU
		{B25F22AC-24D5-4019-B63F-21FC1FCA85EF}.Release|Any CPU.ActiveCfg = Release|Any CPU
		{B25F22AC-24D5-4019-B63F-21FC1FCA85EF}.Release|Any CPU.Build.0 = Release|Any CPU
	EndGlobalSection
	GlobalSection(SolutionProperties) = preSolution
		HideSolutionNode = FALSE
	EndGlobalSection
	GlobalSection(ExtensibilityGlobals) = postSolution
		SolutionGuid = {DC561845-AE6A-4232-AB95-7FCEC4D567AF}
	EndGlobalSection
EndGlobal
