
Microsoft Visual Studio Solution File, Format Version 12.00
# Visual Studio 15
VisualStudioVersion = 15.0.28010.2036
MinimumVisualStudioVersion = 10.0.40219.1
Project("{FAE04EC0-301F-11D3-BF4B-00C04F79EFBC}") = "ll_merge", "ll_merge\ll_merge.csproj", "{D205941F-8CC0-4243-8D58-5CDEA96A204B}"
EndProject
Project("{FAE04EC0-301F-11D3-BF4B-00C04F79EFBC}") = "MergeTest", "MergeTest\MergeTest.csproj", "{EFC29DB0-DB6F-48A4-B05A-72AF5A1F82DB}"
EndProject
Global
	GlobalSection(SolutionConfigurationPlatforms) = preSolution
		Debug|Any CPU = Debug|Any CPU
		Release|Any CPU = Release|Any CPU
	EndGlobalSection
	GlobalSection(ProjectConfigurationPlatforms) = postSolution
		{D205941F-8CC0-4243-8D58-5CDEA96A204B}.Debug|Any CPU.ActiveCfg = Debug|Any CPU
		{D205941F-8CC0-4243-8D58-5CDEA96A204B}.Debug|Any CPU.Build.0 = Debug|Any CPU
		{D205941F-8CC0-4243-8D58-5CDEA96A204B}.Release|Any CPU.ActiveCfg = Release|Any CPU
		{D205941F-8CC0-4243-8D58-5CDEA96A204B}.Release|Any CPU.Build.0 = Release|Any CPU
		{EFC29DB0-DB6F-48A4-B05A-72AF5A1F82DB}.Debug|Any CPU.ActiveCfg = Debug|Any CPU
		{EFC29DB0-DB6F-48A4-B05A-72AF5A1F82DB}.Debug|Any CPU.Build.0 = Debug|Any CPU
		{EFC29DB0-DB6F-48A4-B05A-72AF5A1F82DB}.Release|Any CPU.ActiveCfg = Release|Any CPU
		{EFC29DB0-DB6F-48A4-B05A-72AF5A1F82DB}.Release|Any CPU.Build.0 = Release|Any CPU
	EndGlobalSection
	GlobalSection(SolutionProperties) = preSolution
		HideSolutionNode = FALSE
	EndGlobalSection
	GlobalSection(ExtensibilityGlobals) = postSolution
		SolutionGuid = {3ABF764E-AD65-4D7F-AB07-3F4D1BFF1F51}
	EndGlobalSection
EndGlobal
