
Microsoft Visual Studio Solution File, Format Version 12.00
# Visual Studio 15
VisualStudioVersion = 15.0.28010.2036
MinimumVisualStudioVersion = 10.0.40219.1
Project("{9A19103F-16F7-4668-BE54-9A1E7A4F7556}") = "QuickSorting", "QuickSorting\QuickSorting.csproj", "{CB8032FD-8855-4FF0-AEBA-CC01CFAE663E}"
EndProject
Project("{FAE04EC0-301F-11D3-BF4B-00C04F79EFBC}") = "QuickSortTest", "QuickSortTest\QuickSortTest.csproj", "{A480B4D5-AF6A-4439-B52D-DBD673E69563}"
EndProject
Global
	GlobalSection(SolutionConfigurationPlatforms) = preSolution
		Debug|Any CPU = Debug|Any CPU
		Release|Any CPU = Release|Any CPU
	EndGlobalSection
	GlobalSection(ProjectConfigurationPlatforms) = postSolution
		{CB8032FD-8855-4FF0-AEBA-CC01CFAE663E}.Debug|Any CPU.ActiveCfg = Debug|Any CPU
		{CB8032FD-8855-4FF0-AEBA-CC01CFAE663E}.Debug|Any CPU.Build.0 = Debug|Any CPU
		{CB8032FD-8855-4FF0-AEBA-CC01CFAE663E}.Release|Any CPU.ActiveCfg = Release|Any CPU
		{CB8032FD-8855-4FF0-AEBA-CC01CFAE663E}.Release|Any CPU.Build.0 = Release|Any CPU
		{A480B4D5-AF6A-4439-B52D-DBD673E69563}.Debug|Any CPU.ActiveCfg = Debug|Any CPU
		{A480B4D5-AF6A-4439-B52D-DBD673E69563}.Debug|Any CPU.Build.0 = Debug|Any CPU
		{A480B4D5-AF6A-4439-B52D-DBD673E69563}.Release|Any CPU.ActiveCfg = Release|Any CPU
		{A480B4D5-AF6A-4439-B52D-DBD673E69563}.Release|Any CPU.Build.0 = Release|Any CPU
	EndGlobalSection
	GlobalSection(SolutionProperties) = preSolution
		HideSolutionNode = FALSE
	EndGlobalSection
	GlobalSection(ExtensibilityGlobals) = postSolution
		SolutionGuid = {0390A81C-1083-4AA4-A0DF-2290B59777C6}
	EndGlobalSection
EndGlobal
