
Microsoft Visual Studio Solution File, Format Version 12.00
# Visual Studio 15
VisualStudioVersion = 15.0.28010.2036
MinimumVisualStudioVersion = 10.0.40219.1
Project("{FAE04EC0-301F-11D3-BF4B-00C04F79EFBC}") = "MergeSort", "MergeSort\MergeSort.csproj", "{ACAF2153-5A51-419C-8413-A07E250AF77B}"
EndProject
Global
	GlobalSection(SolutionConfigurationPlatforms) = preSolution
		Debug|Any CPU = Debug|Any CPU
		Release|Any CPU = Release|Any CPU
	EndGlobalSection
	GlobalSection(ProjectConfigurationPlatforms) = postSolution
		{ACAF2153-5A51-419C-8413-A07E250AF77B}.Debug|Any CPU.ActiveCfg = Debug|Any CPU
		{ACAF2153-5A51-419C-8413-A07E250AF77B}.Debug|Any CPU.Build.0 = Debug|Any CPU
		{ACAF2153-5A51-419C-8413-A07E250AF77B}.Release|Any CPU.ActiveCfg = Release|Any CPU
		{ACAF2153-5A51-419C-8413-A07E250AF77B}.Release|Any CPU.Build.0 = Release|Any CPU
	EndGlobalSection
	GlobalSection(SolutionProperties) = preSolution
		HideSolutionNode = FALSE
	EndGlobalSection
	GlobalSection(ExtensibilityGlobals) = postSolution
		SolutionGuid = {174C933E-2DF8-47B6-AFC2-9B14A0ADD9A3}
	EndGlobalSection
EndGlobal
