
Microsoft Visual Studio Solution File, Format Version 12.00
# Visual Studio 15
VisualStudioVersion = 15.0.28010.2036
MinimumVisualStudioVersion = 10.0.40219.1
Project("{FAE04EC0-301F-11D3-BF4B-00C04F79EFBC}") = "ArrayShift", "ArrayShift\ArrayShift.csproj", "{3C9658C4-060F-4E16-888A-92F5EAC03A8B}"
EndProject
Global
	GlobalSection(SolutionConfigurationPlatforms) = preSolution
		Debug|Any CPU = Debug|Any CPU
		Release|Any CPU = Release|Any CPU
	EndGlobalSection
	GlobalSection(ProjectConfigurationPlatforms) = postSolution
		{3C9658C4-060F-4E16-888A-92F5EAC03A8B}.Debug|Any CPU.ActiveCfg = Debug|Any CPU
		{3C9658C4-060F-4E16-888A-92F5EAC03A8B}.Debug|Any CPU.Build.0 = Debug|Any CPU
		{3C9658C4-060F-4E16-888A-92F5EAC03A8B}.Release|Any CPU.ActiveCfg = Release|Any CPU
		{3C9658C4-060F-4E16-888A-92F5EAC03A8B}.Release|Any CPU.Build.0 = Release|Any CPU
	EndGlobalSection
	GlobalSection(SolutionProperties) = preSolution
		HideSolutionNode = FALSE
	EndGlobalSection
	GlobalSection(ExtensibilityGlobals) = postSolution
		SolutionGuid = {3FB27BDB-9205-4315-AD88-F12C3E9E8024}
	EndGlobalSection
EndGlobal
