
Microsoft Visual Studio Solution File, Format Version 12.00
# Visual Studio 15
VisualStudioVersion = 15.0.28010.2036
MinimumVisualStudioVersion = 10.0.40219.1
Project("{FAE04EC0-301F-11D3-BF4B-00C04F79EFBC}") = "QueueWithStacks", "QueueWithStacks\QueueWithStacks.csproj", "{763289A9-BED0-42E3-AAB4-E2DCCAE4DE86}"
EndProject
Global
	GlobalSection(SolutionConfigurationPlatforms) = preSolution
		Debug|Any CPU = Debug|Any CPU
		Release|Any CPU = Release|Any CPU
	EndGlobalSection
	GlobalSection(ProjectConfigurationPlatforms) = postSolution
		{763289A9-BED0-42E3-AAB4-E2DCCAE4DE86}.Debug|Any CPU.ActiveCfg = Debug|Any CPU
		{763289A9-BED0-42E3-AAB4-E2DCCAE4DE86}.Debug|Any CPU.Build.0 = Debug|Any CPU
		{763289A9-BED0-42E3-AAB4-E2DCCAE4DE86}.Release|Any CPU.ActiveCfg = Release|Any CPU
		{763289A9-BED0-42E3-AAB4-E2DCCAE4DE86}.Release|Any CPU.Build.0 = Release|Any CPU
	EndGlobalSection
	GlobalSection(SolutionProperties) = preSolution
		HideSolutionNode = FALSE
	EndGlobalSection
	GlobalSection(ExtensibilityGlobals) = postSolution
		SolutionGuid = {3B9B3E40-C4EC-460E-A9F6-BA618F155538}
	EndGlobalSection
EndGlobal
