
Microsoft Visual Studio Solution File, Format Version 12.00
# Visual Studio 15
VisualStudioVersion = 15.0.28010.2036
MinimumVisualStudioVersion = 10.0.40219.1
Project("{9A19103F-16F7-4668-BE54-9A1E7A4F7556}") = "FIFOAnimalShelter", "FIFOAnimalShelter\FIFOAnimalShelter.csproj", "{D8096A1B-92F0-4BF9-975C-C017FEF7BA4B}"
EndProject
Project("{FAE04EC0-301F-11D3-BF4B-00C04F79EFBC}") = "AnimalShelterTest", "AnimalShelterTest\AnimalShelterTest.csproj", "{6C70C0D7-FE34-4AB2-80C1-2DA095A130A9}"
EndProject
Global
	GlobalSection(SolutionConfigurationPlatforms) = preSolution
		Debug|Any CPU = Debug|Any CPU
		Release|Any CPU = Release|Any CPU
	EndGlobalSection
	GlobalSection(ProjectConfigurationPlatforms) = postSolution
		{D8096A1B-92F0-4BF9-975C-C017FEF7BA4B}.Debug|Any CPU.ActiveCfg = Debug|Any CPU
		{D8096A1B-92F0-4BF9-975C-C017FEF7BA4B}.Debug|Any CPU.Build.0 = Debug|Any CPU
		{D8096A1B-92F0-4BF9-975C-C017FEF7BA4B}.Release|Any CPU.ActiveCfg = Release|Any CPU
		{D8096A1B-92F0-4BF9-975C-C017FEF7BA4B}.Release|Any CPU.Build.0 = Release|Any CPU
		{6C70C0D7-FE34-4AB2-80C1-2DA095A130A9}.Debug|Any CPU.ActiveCfg = Debug|Any CPU
		{6C70C0D7-FE34-4AB2-80C1-2DA095A130A9}.Debug|Any CPU.Build.0 = Debug|Any CPU
		{6C70C0D7-FE34-4AB2-80C1-2DA095A130A9}.Release|Any CPU.ActiveCfg = Release|Any CPU
		{6C70C0D7-FE34-4AB2-80C1-2DA095A130A9}.Release|Any CPU.Build.0 = Release|Any CPU
	EndGlobalSection
	GlobalSection(SolutionProperties) = preSolution
		HideSolutionNode = FALSE
	EndGlobalSection
	GlobalSection(ExtensibilityGlobals) = postSolution
		SolutionGuid = {CF8A7224-0A3B-4E0B-BA47-0432C033D27B}
	EndGlobalSection
EndGlobal
