
Microsoft Visual Studio Solution File, Format Version 12.00
# Visual Studio 15
VisualStudioVersion = 15.0.28010.2036
MinimumVisualStudioVersion = 10.0.40219.1
Project("{9A19103F-16F7-4668-BE54-9A1E7A4F7556}") = "InsertionSort", "InsertionSort\InsertionSort.csproj", "{A3B4F025-30C7-484D-B90E-0EFF1C4C6D1A}"
EndProject
Project("{FAE04EC0-301F-11D3-BF4B-00C04F79EFBC}") = "InsertionSortTest", "InsertionSortTest\InsertionSortTest.csproj", "{435CF8FE-304D-45F7-BDDB-95C0DD2BA881}"
EndProject
Global
	GlobalSection(SolutionConfigurationPlatforms) = preSolution
		Debug|Any CPU = Debug|Any CPU
		Release|Any CPU = Release|Any CPU
	EndGlobalSection
	GlobalSection(ProjectConfigurationPlatforms) = postSolution
		{A3B4F025-30C7-484D-B90E-0EFF1C4C6D1A}.Debug|Any CPU.ActiveCfg = Debug|Any CPU
		{A3B4F025-30C7-484D-B90E-0EFF1C4C6D1A}.Debug|Any CPU.Build.0 = Debug|Any CPU
		{A3B4F025-30C7-484D-B90E-0EFF1C4C6D1A}.Release|Any CPU.ActiveCfg = Release|Any CPU
		{A3B4F025-30C7-484D-B90E-0EFF1C4C6D1A}.Release|Any CPU.Build.0 = Release|Any CPU
		{435CF8FE-304D-45F7-BDDB-95C0DD2BA881}.Debug|Any CPU.ActiveCfg = Debug|Any CPU
		{435CF8FE-304D-45F7-BDDB-95C0DD2BA881}.Debug|Any CPU.Build.0 = Debug|Any CPU
		{435CF8FE-304D-45F7-BDDB-95C0DD2BA881}.Release|Any CPU.ActiveCfg = Release|Any CPU
		{435CF8FE-304D-45F7-BDDB-95C0DD2BA881}.Release|Any CPU.Build.0 = Release|Any CPU
	EndGlobalSection
	GlobalSection(SolutionProperties) = preSolution
		HideSolutionNode = FALSE
	EndGlobalSection
	GlobalSection(ExtensibilityGlobals) = postSolution
		SolutionGuid = {0A4F0611-C39C-4FAD-A914-3549DD9CE106}
	EndGlobalSection
EndGlobal
